
Microsoft Visual Studio Solution File, Format Version 12.00
# Visual Studio Version 17
VisualStudioVersion = 17.14.36408.4 d17.14
MinimumVisualStudioVersion = 10.0.40219.1
Project("{FAE04EC0-301F-11D3-BF4B-00C04F79EFBC}") = "MTM_WIP_Application_MAUI", "MTM_WIP_Application_MAUI.csproj", "{04BB5531-19D7-40F9-AE7C-6F2998514805}"
EndProject
Global
	GlobalSection(SolutionConfigurationPlatforms) = preSolution
		Debug|Any CPU = Debug|Any CPU
		Release|Any CPU = Release|Any CPU
	EndGlobalSection
	GlobalSection(ProjectConfigurationPlatforms) = postSolution
		{04BB5531-19D7-40F9-AE7C-6F2998514805}.Debug|Any CPU.ActiveCfg = Debug|Any CPU
		{04BB5531-19D7-40F9-AE7C-6F2998514805}.Debug|Any CPU.Build.0 = Debug|Any CPU
		{04BB5531-19D7-40F9-AE7C-6F2998514805}.Release|Any CPU.ActiveCfg = Release|Any CPU
		{04BB5531-19D7-40F9-AE7C-6F2998514805}.Release|Any CPU.Build.0 = Release|Any CPU
	EndGlobalSection
	GlobalSection(SolutionProperties) = preSolution
		HideSolutionNode = FALSE
	EndGlobalSection
	GlobalSection(ExtensibilityGlobals) = postSolution
		SolutionGuid = {2283EC6E-414D-40D9-BA11-A6DBE074F96D}
	EndGlobalSection
EndGlobal
